
Microsoft Visual Studio Solution File, Format Version 12.00
# Visual Studio 15
VisualStudioVersion = 15.0.26730.12
MinimumVisualStudioVersion = 10.0.40219.1
Project("{9A19103F-16F7-4668-BE54-9A1E7A4F7556}") = "Sitecore.Web", "Sitecore.Web\Sitecore.Web.csproj", "{97296F6C-2B39-4CCF-8415-E03B4F770383}"
EndProject
Project("{9A19103F-16F7-4668-BE54-9A1E7A4F7556}") = "Sitecore.Membership", "Sitecore.Membership\Sitecore.Membership.csproj", "{300ABBD5-43D8-4B85-A6C4-861162EF9577}"
EndProject
Project("{9A19103F-16F7-4668-BE54-9A1E7A4F7556}") = "Sitecore.MembershipAPI", "Sitecore.MembershipAPI\Sitecore.MembershipAPI.csproj", "{641B2BD3-94FC-46E5-A69E-7518D494C789}"
EndProject
Project("{2150E333-8FDC-42A3-9474-1A3956D46DE8}") = "Microservice", "Microservice", "{913259C2-A83D-4F5D-8E55-DC9587F8CD36}"
EndProject
Project("{2150E333-8FDC-42A3-9474-1A3956D46DE8}") = "Database", "Database", "{CE12CAC7-9AE7-49F2-93CB-819982B6CDCC}"
EndProject
Project("{00D1A9C2-B5F0-4AF3-8072-F6C62B433612}") = "Sitecore.Database", "Sitecore.Database\Sitecore.Database.sqlproj", "{D96277A4-DAC9-4D7F-8610-65251148E792}"
EndProject
Project("{9A19103F-16F7-4668-BE54-9A1E7A4F7556}") = "Sitecore.Membership.Data", "Sitecore.Membership.Data\Sitecore.Membership.Data.csproj", "{60D8C086-01CD-47C1-9A67-D522F2809CAC}"
EndProject
Project("{2150E333-8FDC-42A3-9474-1A3956D46DE8}") = "Application", "Application", "{BCBD4495-D644-455C-ADF3-0324380C0846}"
EndProject
Project("{2150E333-8FDC-42A3-9474-1A3956D46DE8}") = "Common", "Common", "{D503DEA7-7F3C-4DC6-BB69-A0B0D3FD3249}"
EndProject
Project("{2150E333-8FDC-42A3-9474-1A3956D46DE8}") = "Tests", "Tests", "{A99DB3E7-98C0-465D-96FF-85DCA61235A7}"
EndProject
Project("{2150E333-8FDC-42A3-9474-1A3956D46DE8}") = "Solution Items", "Solution Items", "{B020C0E1-AF87-4247-A19C-58DF90BD08E4}"
	ProjectSection(SolutionItems) = preProject
		README.md = README.md
	EndProjectSection
EndProject
Project("{FAE04EC0-301F-11D3-BF4B-00C04F79EFBC}") = "Sitecore.Web.Tests", "Sitecore.Web.Tests\Sitecore.Web.Tests.csproj", "{70454472-C5B6-43B4-9147-47C958C8DDE5}"
EndProject
Global
	GlobalSection(SolutionConfigurationPlatforms) = preSolution
		Debug|Any CPU = Debug|Any CPU
		Release|Any CPU = Release|Any CPU
	EndGlobalSection
	GlobalSection(ProjectConfigurationPlatforms) = postSolution
		{97296F6C-2B39-4CCF-8415-E03B4F770383}.Debug|Any CPU.ActiveCfg = Debug|Any CPU
		{97296F6C-2B39-4CCF-8415-E03B4F770383}.Debug|Any CPU.Build.0 = Debug|Any CPU
		{97296F6C-2B39-4CCF-8415-E03B4F770383}.Release|Any CPU.ActiveCfg = Release|Any CPU
		{97296F6C-2B39-4CCF-8415-E03B4F770383}.Release|Any CPU.Build.0 = Release|Any CPU
		{300ABBD5-43D8-4B85-A6C4-861162EF9577}.Debug|Any CPU.ActiveCfg = Debug|Any CPU
		{300ABBD5-43D8-4B85-A6C4-861162EF9577}.Debug|Any CPU.Build.0 = Debug|Any CPU
		{300ABBD5-43D8-4B85-A6C4-861162EF9577}.Release|Any CPU.ActiveCfg = Release|Any CPU
		{300ABBD5-43D8-4B85-A6C4-861162EF9577}.Release|Any CPU.Build.0 = Release|Any CPU
		{641B2BD3-94FC-46E5-A69E-7518D494C789}.Debug|Any CPU.ActiveCfg = Debug|Any CPU
		{641B2BD3-94FC-46E5-A69E-7518D494C789}.Debug|Any CPU.Build.0 = Debug|Any CPU
		{641B2BD3-94FC-46E5-A69E-7518D494C789}.Release|Any CPU.ActiveCfg = Release|Any CPU
		{641B2BD3-94FC-46E5-A69E-7518D494C789}.Release|Any CPU.Build.0 = Release|Any CPU
		{D96277A4-DAC9-4D7F-8610-65251148E792}.Debug|Any CPU.ActiveCfg = Debug|Any CPU
		{D96277A4-DAC9-4D7F-8610-65251148E792}.Debug|Any CPU.Build.0 = Debug|Any CPU
		{D96277A4-DAC9-4D7F-8610-65251148E792}.Debug|Any CPU.Deploy.0 = Debug|Any CPU
		{D96277A4-DAC9-4D7F-8610-65251148E792}.Release|Any CPU.ActiveCfg = Release|Any CPU
		{D96277A4-DAC9-4D7F-8610-65251148E792}.Release|Any CPU.Build.0 = Release|Any CPU
		{D96277A4-DAC9-4D7F-8610-65251148E792}.Release|Any CPU.Deploy.0 = Release|Any CPU
		{60D8C086-01CD-47C1-9A67-D522F2809CAC}.Debug|Any CPU.ActiveCfg = Debug|Any CPU
		{60D8C086-01CD-47C1-9A67-D522F2809CAC}.Debug|Any CPU.Build.0 = Debug|Any CPU
		{60D8C086-01CD-47C1-9A67-D522F2809CAC}.Release|Any CPU.ActiveCfg = Release|Any CPU
		{60D8C086-01CD-47C1-9A67-D522F2809CAC}.Release|Any CPU.Build.0 = Release|Any CPU
		{70454472-C5B6-43B4-9147-47C958C8DDE5}.Debug|Any CPU.ActiveCfg = Debug|Any CPU
		{70454472-C5B6-43B4-9147-47C958C8DDE5}.Debug|Any CPU.Build.0 = Debug|Any CPU
		{70454472-C5B6-43B4-9147-47C958C8DDE5}.Release|Any CPU.ActiveCfg = Release|Any CPU
		{70454472-C5B6-43B4-9147-47C958C8DDE5}.Release|Any CPU.Build.0 = Release|Any CPU
	EndGlobalSection
	GlobalSection(SolutionProperties) = preSolution
		HideSolutionNode = FALSE
	EndGlobalSection
	GlobalSection(NestedProjects) = preSolution
		{97296F6C-2B39-4CCF-8415-E03B4F770383} = {BCBD4495-D644-455C-ADF3-0324380C0846}
		{300ABBD5-43D8-4B85-A6C4-861162EF9577} = {D503DEA7-7F3C-4DC6-BB69-A0B0D3FD3249}
		{641B2BD3-94FC-46E5-A69E-7518D494C789} = {913259C2-A83D-4F5D-8E55-DC9587F8CD36}
		{D96277A4-DAC9-4D7F-8610-65251148E792} = {CE12CAC7-9AE7-49F2-93CB-819982B6CDCC}
		{60D8C086-01CD-47C1-9A67-D522F2809CAC} = {913259C2-A83D-4F5D-8E55-DC9587F8CD36}
		{70454472-C5B6-43B4-9147-47C958C8DDE5} = {A99DB3E7-98C0-465D-96FF-85DCA61235A7}
	EndGlobalSection
	GlobalSection(ExtensibilityGlobals) = postSolution
		SolutionGuid = {E15E874D-641C-458A-97DB-4CBEDCE85820}
	EndGlobalSection
EndGlobal
